
Microsoft Visual Studio Solution File, Format Version 12.00
# Visual Studio Version 17
VisualStudioVersion = 17.5.33530.505
MinimumVisualStudioVersion = 10.0.40219.1
Project("{FAE04EC0-301F-11D3-BF4B-00C04F79EFBC}") = "CatAppUI", "CatAppUI\CatAppUI.csproj", "{1EE568DE-0D83-40F5-BFD9-10205358AEC2}"
EndProject
Global
	GlobalSection(SolutionConfigurationPlatforms) = preSolution
		Debug|Any CPU = Debug|Any CPU
		Release|Any CPU = Release|Any CPU
	EndGlobalSection
	GlobalSection(ProjectConfigurationPlatforms) = postSolution
		{1EE568DE-0D83-40F5-BFD9-10205358AEC2}.Debug|Any CPU.ActiveCfg = Debug|Any CPU
		{1EE568DE-0D83-40F5-BFD9-10205358AEC2}.Debug|Any CPU.Build.0 = Debug|Any CPU
		{1EE568DE-0D83-40F5-BFD9-10205358AEC2}.Release|Any CPU.ActiveCfg = Release|Any CPU
		{1EE568DE-0D83-40F5-BFD9-10205358AEC2}.Release|Any CPU.Build.0 = Release|Any CPU
	EndGlobalSection
	GlobalSection(SolutionProperties) = preSolution
		HideSolutionNode = FALSE
	EndGlobalSection
	GlobalSection(ExtensibilityGlobals) = postSolution
		SolutionGuid = {6EC49BD6-3639-495E-8C0F-BAF053F02764}
	EndGlobalSection
EndGlobal
